
Microsoft Visual Studio Solution File, Format Version 12.00
# Visual Studio Version 16
VisualStudioVersion = 16.0.29403.142
MinimumVisualStudioVersion = 10.0.40219.1
Project("{FAE04EC0-301F-11D3-BF4B-00C04F79EFBC}") = "DrawTool", "DrawTool\DrawTool.csproj", "{C5B7534B-6D9E-4A64-B74D-4075F5F56D96}"
EndProject
Project("{FAE04EC0-301F-11D3-BF4B-00C04F79EFBC}") = "DrawToolUnitTest", "DrawToolUnitTest\DrawToolUnitTest.csproj", "{62866FF7-E1D4-4CF1-9777-E0F3465381BC}"
EndProject
Global
	GlobalSection(SolutionConfigurationPlatforms) = preSolution
		Debug|Any CPU = Debug|Any CPU
		Release|Any CPU = Release|Any CPU
	EndGlobalSection
	GlobalSection(ProjectConfigurationPlatforms) = postSolution
		{C5B7534B-6D9E-4A64-B74D-4075F5F56D96}.Debug|Any CPU.ActiveCfg = Debug|Any CPU
		{C5B7534B-6D9E-4A64-B74D-4075F5F56D96}.Debug|Any CPU.Build.0 = Debug|Any CPU
		{C5B7534B-6D9E-4A64-B74D-4075F5F56D96}.Release|Any CPU.ActiveCfg = Release|Any CPU
		{C5B7534B-6D9E-4A64-B74D-4075F5F56D96}.Release|Any CPU.Build.0 = Release|Any CPU
		{62866FF7-E1D4-4CF1-9777-E0F3465381BC}.Debug|Any CPU.ActiveCfg = Debug|Any CPU
		{62866FF7-E1D4-4CF1-9777-E0F3465381BC}.Debug|Any CPU.Build.0 = Debug|Any CPU
		{62866FF7-E1D4-4CF1-9777-E0F3465381BC}.Release|Any CPU.ActiveCfg = Release|Any CPU
		{62866FF7-E1D4-4CF1-9777-E0F3465381BC}.Release|Any CPU.Build.0 = Release|Any CPU
	EndGlobalSection
	GlobalSection(SolutionProperties) = preSolution
		HideSolutionNode = FALSE
	EndGlobalSection
	GlobalSection(ExtensibilityGlobals) = postSolution
		SolutionGuid = {D2D3D279-8613-45EA-BB4A-96E7ACE0D98B}
	EndGlobalSection
EndGlobal
